
Microsoft Visual Studio Solution File, Format Version 12.00
# Visual Studio Version 16
VisualStudioVersion = 16.0.29509.3
MinimumVisualStudioVersion = 10.0.40219.1
Project("{FAE04EC0-301F-11D3-BF4B-00C04F79EFBC}") = "MediTracker", "MediTracker\MediTracker.csproj", "{71520BF3-A139-47AB-A5FC-509C71D6AC55}"
EndProject
Global
	GlobalSection(SolutionConfigurationPlatforms) = preSolution
		Debug|Any CPU = Debug|Any CPU
		Release|Any CPU = Release|Any CPU
	EndGlobalSection
	GlobalSection(ProjectConfigurationPlatforms) = postSolution
		{71520BF3-A139-47AB-A5FC-509C71D6AC55}.Debug|Any CPU.ActiveCfg = Debug|Any CPU
		{71520BF3-A139-47AB-A5FC-509C71D6AC55}.Debug|Any CPU.Build.0 = Debug|Any CPU
		{71520BF3-A139-47AB-A5FC-509C71D6AC55}.Release|Any CPU.ActiveCfg = Release|Any CPU
		{71520BF3-A139-47AB-A5FC-509C71D6AC55}.Release|Any CPU.Build.0 = Release|Any CPU
	EndGlobalSection
	GlobalSection(SolutionProperties) = preSolution
		HideSolutionNode = FALSE
	EndGlobalSection
	GlobalSection(ExtensibilityGlobals) = postSolution
		SolutionGuid = {0FD5C205-620E-4392-9C32-26380762CD7F}
	EndGlobalSection
EndGlobal
